{
  "name": "hotel",
  "version": "0.0.0",
  "lockfileVersion": 1,
  "requires": true,
  "dependencies": {
    "bootstrap": {
      "version": "4.0.0-beta.2",
      "resolved": "https://registry.npmjs.org/bootstrap/-/bootstrap-4.0.0-beta.2.tgz",
      "integrity": "sha512-DzGtdTlKbrMoGMpz0LigKSqJ+MgtFKxA791PU/q062OlRG0HybNZcTLH7rpDAmLS66Y3esN9yzKHLLbqa5UR3w=="
    },
    "ngx-bootstrap": {
      "version": "2.0.0-beta.11",
      "resolved": "https://registry.npmjs.org/ngx-bootstrap/-/ngx-bootstrap-2.0.0-beta.11.tgz",
      "integrity": "sha512-DvE5BlWp9AOX8pU0BlHVVYfEck4++B1zaS6qitorZIgfZFEH+3aBz8dpgwYI4MRn7Qt8Q8HjBP9p9IT4MHL3bg=="
    }
  }
}
